
Microsoft Visual Studio Solution File, Format Version 12.00
# Visual Studio 2013
VisualStudioVersion = 12.0.31101.0
MinimumVisualStudioVersion = 10.0.40219.1
Project("{FAE04EC0-301F-11D3-BF4B-00C04F79EFBC}") = "Game001WebApplication", "Game001WebApplication\Game001WebApplication.csproj", "{3F112DC8-39D4-4AA1-AB0F-4076C11D39EC}"
EndProject
Global
	GlobalSection(TeamFoundationVersionControl) = preSolution
		SccNumberOfProjects = 2
		SccEnterpriseProvider = {4CA58AB2-18FA-4F8D-95D4-32DDF27D184C}
		SccTeamFoundationServer = https://visualstudioaccaunt.visualstudio.com/defaultcollection
		SccLocalPath0 = .
		SccProjectUniqueName1 = Game001WebApplication\\Game001WebApplication.csproj
		SccProjectName1 = Game001WebApplication
		SccLocalPath1 = Game001WebApplication
	EndGlobalSection
	GlobalSection(SolutionConfigurationPlatforms) = preSolution
		Debug|Any CPU = Debug|Any CPU
		Release|Any CPU = Release|Any CPU
	EndGlobalSection
	GlobalSection(ProjectConfigurationPlatforms) = postSolution
		{3F112DC8-39D4-4AA1-AB0F-4076C11D39EC}.Debug|Any CPU.ActiveCfg = Debug|Any CPU
		{3F112DC8-39D4-4AA1-AB0F-4076C11D39EC}.Debug|Any CPU.Build.0 = Debug|Any CPU
		{3F112DC8-39D4-4AA1-AB0F-4076C11D39EC}.Release|Any CPU.ActiveCfg = Release|Any CPU
		{3F112DC8-39D4-4AA1-AB0F-4076C11D39EC}.Release|Any CPU.Build.0 = Release|Any CPU
	EndGlobalSection
	GlobalSection(SolutionProperties) = preSolution
		HideSolutionNode = FALSE
	EndGlobalSection
EndGlobal
